
Microsoft Visual Studio Solution File, Format Version 12.00
# Visual Studio Version 17
VisualStudioVersion = 17.8.34330.188
MinimumVisualStudioVersion = 10.0.40219.1
Project("{FAE04EC0-301F-11D3-BF4B-00C04F79EFBC}") = "JWT", "JWT.csproj", "{EBE424AB-AC3F-4D59-A83E-DFFBF7D189A1}"
EndProject
Global
	GlobalSection(SolutionConfigurationPlatforms) = preSolution
		Debug|Any CPU = Debug|Any CPU
		Release|Any CPU = Release|Any CPU
	EndGlobalSection
	GlobalSection(ProjectConfigurationPlatforms) = postSolution
		{EBE424AB-AC3F-4D59-A83E-DFFBF7D189A1}.Debug|Any CPU.ActiveCfg = Debug|Any CPU
		{EBE424AB-AC3F-4D59-A83E-DFFBF7D189A1}.Debug|Any CPU.Build.0 = Debug|Any CPU
		{EBE424AB-AC3F-4D59-A83E-DFFBF7D189A1}.Release|Any CPU.ActiveCfg = Release|Any CPU
		{EBE424AB-AC3F-4D59-A83E-DFFBF7D189A1}.Release|Any CPU.Build.0 = Release|Any CPU
	EndGlobalSection
	GlobalSection(SolutionProperties) = preSolution
		HideSolutionNode = FALSE
	EndGlobalSection
	GlobalSection(ExtensibilityGlobals) = postSolution
		SolutionGuid = {70DB6708-1343-4E26-AA42-253B16007BA1}
	EndGlobalSection
EndGlobal
